
Microsoft Visual Studio Solution File, Format Version 12.00
# Visual Studio Version 16
VisualStudioVersion = 16.0.30413.136
MinimumVisualStudioVersion = 10.0.40219.1
Project("{FAE04EC0-301F-11D3-BF4B-00C04F79EFBC}") = "ImageGallery.Model", "ImageGallery.Model\ImageGallery.Model.csproj", "{9EA02FC0-8933-45BA-A997-ED061F3F605D}"
EndProject
Project("{FAE04EC0-301F-11D3-BF4B-00C04F79EFBC}") = "ImageGallery.DAL", "ImageGallery.DAL\ImageGallery.DAL.csproj", "{4F952B4E-2C48-42E1-9A49-1F56535CC674}"
EndProject
Project("{FAE04EC0-301F-11D3-BF4B-00C04F79EFBC}") = "ImageGallery.APIs", "ImageGallery.APIs\ImageGallery.APIs.csproj", "{A64E6ECB-FA5A-4CFD-ADBE-00A7458CB264}"
EndProject
Global
	GlobalSection(SolutionConfigurationPlatforms) = preSolution
		Debug|Any CPU = Debug|Any CPU
		Release|Any CPU = Release|Any CPU
	EndGlobalSection
	GlobalSection(ProjectConfigurationPlatforms) = postSolution
		{9EA02FC0-8933-45BA-A997-ED061F3F605D}.Debug|Any CPU.ActiveCfg = Debug|Any CPU
		{9EA02FC0-8933-45BA-A997-ED061F3F605D}.Debug|Any CPU.Build.0 = Debug|Any CPU
		{9EA02FC0-8933-45BA-A997-ED061F3F605D}.Release|Any CPU.ActiveCfg = Release|Any CPU
		{9EA02FC0-8933-45BA-A997-ED061F3F605D}.Release|Any CPU.Build.0 = Release|Any CPU
		{4F952B4E-2C48-42E1-9A49-1F56535CC674}.Debug|Any CPU.ActiveCfg = Debug|Any CPU
		{4F952B4E-2C48-42E1-9A49-1F56535CC674}.Debug|Any CPU.Build.0 = Debug|Any CPU
		{4F952B4E-2C48-42E1-9A49-1F56535CC674}.Release|Any CPU.ActiveCfg = Release|Any CPU
		{4F952B4E-2C48-42E1-9A49-1F56535CC674}.Release|Any CPU.Build.0 = Release|Any CPU
		{A64E6ECB-FA5A-4CFD-ADBE-00A7458CB264}.Debug|Any CPU.ActiveCfg = Debug|Any CPU
		{A64E6ECB-FA5A-4CFD-ADBE-00A7458CB264}.Debug|Any CPU.Build.0 = Debug|Any CPU
		{A64E6ECB-FA5A-4CFD-ADBE-00A7458CB264}.Release|Any CPU.ActiveCfg = Release|Any CPU
		{A64E6ECB-FA5A-4CFD-ADBE-00A7458CB264}.Release|Any CPU.Build.0 = Release|Any CPU
	EndGlobalSection
	GlobalSection(SolutionProperties) = preSolution
		HideSolutionNode = FALSE
	EndGlobalSection
	GlobalSection(ExtensibilityGlobals) = postSolution
		SolutionGuid = {50320F40-5222-4885-BD60-D177763E5A16}
	EndGlobalSection
EndGlobal
